GIT
  remote: https://github.com/catclever/descartes.git
  revision: 578dc7fec24d86c5941dfdcf577c372dc770802b
  specs:
    descartes (0.1.0)
      ruby_llm

GIT
  remote: https://github.com/catclever/ruby_llm.git
  revision: b900ea9013206d7eec143fa713141892469735e3
  specs:
    ruby_llm (0.1.0)
      dotenv (~> 3.1)

GEM
  remote: https://rubygems.org/
  specs:
    base64 (0.3.0)
    dotenv (3.2.0)
    eventmachine (1.2.7)
    faye-websocket (0.12.0)
      eventmachine (>= 0.12.0)
      websocket-driver (>= 0.8.0)
    nio4r (2.7.5)
    puma (7.2.0)
      nio4r (~> 2.0)
    rack (3.2.5)
    websocket-driver (0.8.0)
      base64
      websocket-extensions (>= 0.1.0)
    websocket-extensions (0.1.5)

PLATFORMS
  arm64-darwin-24
  ruby

DEPENDENCIES
  descartes!
  faye-websocket
  puma
  rack
  ruby_llm!

CHECKSUMS
  base64 (0.3.0) sha256=27337aeabad6ffae05c265c450490628ef3ebd4b67be58257393227588f5a97b
  descartes (0.1.0)
  dotenv (3.2.0) sha256=e375b83121ea7ca4ce20f214740076129ab8514cd81378161f11c03853fe619d
  eventmachine (1.2.7) sha256=994016e42aa041477ba9cff45cbe50de2047f25dd418eba003e84f0d16560972
  faye-websocket (0.12.0) sha256=ad9f7dfcd0306d0a13baeee450729657661129af15bb5f38716c242484ab42e1
  nio4r (2.7.5) sha256=6c90168e48fb5f8e768419c93abb94ba2b892a1d0602cb06eef16d8b7df1dca1
  puma (7.2.0) sha256=bf8ef4ab514a4e6d4554cb4326b2004eba5036ae05cf765cfe51aba9706a72a8
  rack (3.2.5) sha256=4cbd0974c0b79f7a139b4812004a62e4c60b145cba76422e288ee670601ed6d3
  ruby_llm (0.1.0)
  websocket-driver (0.8.0) sha256=ed0dba4b943c22f17f9a734817e808bc84cdce6a7e22045f5315aa57676d4962
  websocket-extensions (0.1.5) sha256=1c6ba63092cda343eb53fc657110c71c754c56484aad42578495227d717a8241

BUNDLED WITH
  4.0.3
